// !$*UTF8*$!
{
	archiveVersion = 1;
	classes = {
	};
	objectVersion = 50;
	objects = {

/* Begin PBXBuildFile section */
		1F63BD2924C5EF3500CC85BE /* UIColor+Extensions.swift in Sources */ = {isa = PBXBuildFile; fileRef = 1F63BD2824C5EF3500CC85BE /* UIColor+Extensions.swift */; };
		1FB2E84824D30F2500E913A7 /* GoogleService-Info.plist in Resources */ = {isa = PBXBuildFile; fileRef = 1FB2E84724D30F2500E913A7 /* GoogleService-Info.plist */; };
		1FCCBAFC23F4679C0051E3EF /* AppDelegate.swift in Sources */ = {isa = PBXBuildFile; fileRef = 1FCCBAFB23F4679C0051E3EF /* AppDelegate.swift */; };
		1FCCBAFE23F4679C0051E3EF /* SceneDelegate.swift in Sources */ = {isa = PBXBuildFile; fileRef = 1FCCBAFD23F4679C0051E3EF /* SceneDelegate.swift */; };
		1FCCBB0023F4679C0051E3EF /* ViewController.swift in Sources */ = {isa = PBXBuildFile; fileRef = 1FCCBAFF23F4679C0051E3EF /* ViewController.swift */; };
		1FCCBB0323F4679C0051E3EF /* Main.storyboard in Resources */ = {isa = PBXBuildFile; fileRef = 1FCCBB0123F4679C0051E3EF /* Main.storyboard */; };
		1FCCBB0523F4679D0051E3EF /* Assets.xcassets in Resources */ = {isa = PBXBuildFile; fileRef = 1FCCBB0423F4679D0051E3EF /* Assets.xcassets */; };
		1FCCBB0823F4679D0051E3EF /* LaunchScreen.storyboard in Resources */ = {isa = PBXBuildFile; fileRef = 1FCCBB0623F4679D0051E3EF /* LaunchScreen.storyboard */; };
		67D7D803FEBD6D8E59DA6438 /* Pods_CoYatteTotte.framework in Frameworks */ = {isa = PBXBuildFile; fileRef = BBFCAFA3EB334121EF5DCA38 /* Pods_CoYatteTotte.framework */; };
/* End PBXBuildFile section */

/* Begin PBXFileReference section */
		1F63BD2824C5EF3500CC85BE /* UIColor+Extensions.swift */ = {isa = PBXFileReference; lastKnownFileType = sourcecode.swift; path = "UIColor+Extensions.swift"; sourceTree = "<group>"; };
		1FB2E84724D30F2500E913A7 /* GoogleService-Info.plist */ = {isa = PBXFileReference; fileEncoding = 4; lastKnownFileType = text.plist.xml; name = "GoogleService-Info.plist"; path = "../../../Downloads/GoogleService-Info.plist"; sourceTree = "<group>"; };
		1FCCBAF823F4679C0051E3EF /* CoYatteTotte.app */ = {isa = PBXFileReference; explicitFileType = wrapper.application; includeInIndex = 0; path = CoYatteTotte.app; sourceTree = BUILT_PRODUCTS_DIR; };
		1FCCBAFB23F4679C0051E3EF /* AppDelegate.swift */ = {isa = PBXFileReference; lastKnownFileType = sourcecode.swift; path = AppDelegate.swift; sourceTree = "<group>"; };
		1FCCBAFD23F4679C0051E3EF /* SceneDelegate.swift */ = {isa = PBXFileReference; lastKnownFileType = sourcecode.swift; path = SceneDelegate.swift; sourceTree = "<group>"; };
		1FCCBAFF23F4679C0051E3EF /* ViewController.swift */ = {isa = PBXFileReference; lastKnownFileType = sourcecode.swift; path = ViewController.swift; sourceTree = "<group>"; };
		1FCCBB0223F4679C0051E3EF /* Base */ = {isa = PBXFileReference; lastKnownFileType = file.storyboard; name = Base; path = Base.lproj/Main.storyboard; sourceTree = "<group>"; };
		1FCCBB0423F4679D0051E3EF /* Assets.xcassets */ = {isa = PBXFileReference; lastKnownFileType = folder.assetcatalog; path = Assets.xcassets; sourceTree = "<group>"; };
		1FCCBB0723F4679D0051E3EF /* Base */ = {isa = PBXFileReference; lastKnownFileType = file.storyboard; name = Base; path = Base.lproj/LaunchScreen.storyboard; sourceTree = "<group>"; };
		1FCCBB0923F4679D0051E3EF /* Info.plist */ = {isa = PBXFileReference; lastKnownFileType = text.plist.xml; path = Info.plist; sourceTree = "<group>"; };
		30320107A405EE8F1B32C79A /* Pods-CoYatteTotte.debug.xcconfig */ = {isa = PBXFileReference; includeInIndex = 1; lastKnownFileType = text.xcconfig; name = "Pods-CoYatteTotte.debug.xcconfig"; path = "Target Support Files/Pods-CoYatteTotte/Pods-CoYatteTotte.debug.xcconfig"; sourceTree = "<group>"; };
		6236BE78197CADAABE6D297E /* Pods-CoYatteTotte.release.xcconfig */ = {isa = PBXFileReference; includeInIndex = 1; lastKnownFileType = text.xcconfig; name = "Pods-CoYatteTotte.release.xcconfig"; path = "Target Support Files/Pods-CoYatteTotte/Pods-CoYatteTotte.release.xcconfig"; sourceTree = "<group>"; };
		BBFCAFA3EB334121EF5DCA38 /* Pods_CoYatteTotte.framework */ = {isa = PBXFileReference; explicitFileType = wrapper.framework; includeInIndex = 0; path = Pods_CoYatteTotte.framework; sourceTree = BUILT_PRODUCTS_DIR; };
/* End PBXFileReference section */

/* Begin PBXFrameworksBuildPhase section */
		1FCCBAF523F4679C0051E3EF /* Frameworks */ = {
			isa = PBXFrameworksBuildPhase;
			buildActionMask = 2147483647;
			files = (
				67D7D803FEBD6D8E59DA6438 /* Pods_CoYatteTotte.framework in Frameworks */,
			);
			runOnlyForDeploymentPostprocessing = 0;
		};
/* End PBXFrameworksBuildPhase section */

/* Begin PBXGroup section */
		1F63BD2724C5EEFA00CC85BE /* extensions */ = {
			isa = PBXGroup;
			children = (
				1F63BD2824C5EF3500CC85BE /* UIColor+Extensions.swift */,
			);
			path = extensions;
			sourceTree = "<group>";
		};
		1FCCBAEF23F4679C0051E3EF = {
			isa = PBXGroup;
			children = (
				1FCCBAFA23F4679C0051E3EF /* CoYatteTotte */,
				1FCCBAF923F4679C0051E3EF /* Products */,
				FF1DD893FC2CE6DFF2163C8B /* Pods */,
				DBECC80027819D29649B8F58 /* Frameworks */,
			);
			sourceTree = "<group>";
		};
		1FCCBAF923F4679C0051E3EF /* Products */ = {
			isa = PBXGroup;
			children = (
				1FCCBAF823F4679C0051E3EF /* CoYatteTotte.app */,
			);
			name = Products;
			sourceTree = "<group>";
		};
		1FCCBAFA23F4679C0051E3EF /* CoYatteTotte */ = {
			isa = PBXGroup;
			children = (
				1FB2E84724D30F2500E913A7 /* GoogleService-Info.plist */,
				1F63BD2724C5EEFA00CC85BE /* extensions */,
				1FCCBAFB23F4679C0051E3EF /* AppDelegate.swift */,
				1FCCBAFD23F4679C0051E3EF /* SceneDelegate.swift */,
				1FCCBAFF23F4679C0051E3EF /* ViewController.swift */,
				1FCCBB0123F4679C0051E3EF /* Main.storyboard */,
				1FCCBB0423F4679D0051E3EF /* Assets.xcassets */,
				1FCCBB0623F4679D0051E3EF /* LaunchScreen.storyboard */,
				1FCCBB0923F4679D0051E3EF /* Info.plist */,
			);
			path = CoYatteTotte;
			sourceTree = "<group>";
		};
		DBECC80027819D29649B8F58 /* Frameworks */ = {
			isa = PBXGroup;
			children = (
				BBFCAFA3EB334121EF5DCA38 /* Pods_CoYatteTotte.framework */,
			);
			name = Frameworks;
			sourceTree = "<group>";
		};
		FF1DD893FC2CE6DFF2163C8B /* Pods */ = {
			isa = PBXGroup;
			children = (
				30320107A405EE8F1B32C79A /* Pods-CoYatteTotte.debug.xcconfig */,
				6236BE78197CADAABE6D297E /* Pods-CoYatteTotte.release.xcconfig */,
			);
			name = Pods;
			path = Pods;
			sourceTree = "<group>";
		};
/* End PBXGroup section */

/* Begin PBXNativeTarget section */
		1FCCBAF723F4679C0051E3EF /* CoYatteTotte */ = {
			isa = PBXNativeTarget;
			buildConfigurationList = 1FCCBB0C23F4679D0051E3EF /* Build configuration list for PBXNativeTarget "CoYatteTotte" */;
			buildPhases = (
				B27A955602B99D25AF318BD9 /* [CP] Check Pods Manifest.lock */,
				1FCCBAF423F4679C0051E3EF /* Sources */,
				1FCCBAF523F4679C0051E3EF /* Frameworks */,
				1FCCBAF623F4679C0051E3EF /* Resources */,
				286D048BFF8F44236296F33B /* [CP] Embed Pods Frameworks */,
			);
			buildRules = (
			);
			dependencies = (
			);
			name = CoYatteTotte;
			productName = CoYatteTotte;
			productReference = 1FCCBAF823F4679C0051E3EF /* CoYatteTotte.app */;
			productType = "com.apple.product-type.application";
		};
/* End PBXNativeTarget section */

/* Begin PBXProject section */
		1FCCBAF023F4679C0051E3EF /* Project object */ = {
			isa = PBXProject;
			attributes = {
				LastSwiftUpdateCheck = 1130;
				LastUpgradeCheck = 1130;
				ORGANIZATIONNAME = KotaSakurai;
				TargetAttributes = {
					1FCCBAF723F4679C0051E3EF = {
						CreatedOnToolsVersion = 11.3.1;
					};
				};
			};
			buildConfigurationList = 1FCCBAF323F4679C0051E3EF /* Build configuration list for PBXProject "CoYatteTotte" */;
			compatibilityVersion = "Xcode 9.3";
			developmentRegion = en;
			hasScannedForEncodings = 0;
			knownRegions = (
				en,
				Base,
			);
			mainGroup = 1FCCBAEF23F4679C0051E3EF;
			productRefGroup = 1FCCBAF923F4679C0051E3EF /* Products */;
			projectDirPath = "";
			projectRoot = "";
			targets = (
				1FCCBAF723F4679C0051E3EF /* CoYatteTotte */,
			);
		};
/* End PBXProject section */

/* Begin PBXResourcesBuildPhase section */
		1FCCBAF623F4679C0051E3EF /* Resources */ = {
			isa = PBXResourcesBuildPhase;
			buildActionMask = 2147483647;
			files = (
				1FCCBB0823F4679D0051E3EF /* LaunchScreen.storyboard in Resources */,
				1FB2E84824D30F2500E913A7 /* GoogleService-Info.plist in Resources */,
				1FCCBB0523F4679D0051E3EF /* Assets.xcassets in Resources */,
				1FCCBB0323F4679C0051E3EF /* Main.storyboard in Resources */,
			);
			runOnlyForDeploymentPostprocessing = 0;
		};
/* End PBXResourcesBuildPhase section */

/* Begin PBXShellScriptBuildPhase section */
		286D048BFF8F44236296F33B /* [CP] Embed Pods Frameworks */ = {
			isa = PBXShellScriptBuildPhase;
			buildActionMask = 2147483647;
			files = (
			);
			inputFileListPaths = (
				"${PODS_ROOT}/Target Support Files/Pods-CoYatteTotte/Pods-CoYatteTotte-frameworks-${CONFIGURATION}-input-files.xcfilelist",
			);
			name = "[CP] Embed Pods Frameworks";
			outputFileListPaths = (
				"${PODS_ROOT}/Target Support Files/Pods-CoYatteTotte/Pods-CoYatteTotte-frameworks-${CONFIGURATION}-output-files.xcfilelist",
			);
			runOnlyForDeploymentPostprocessing = 0;
			shellPath = /bin/sh;
			shellScript = "\"${PODS_ROOT}/Target Support Files/Pods-CoYatteTotte/Pods-CoYatteTotte-frameworks.sh\"\n";
			showEnvVarsInLog = 0;
		};
		B27A955602B99D25AF318BD9 /* [CP] Check Pods Manifest.lock */ = {
			isa = PBXShellScriptBuildPhase;
			buildActionMask = 2147483647;
			files = (
			);
			inputFileListPaths = (
			);
			inputPaths = (
				"${PODS_PODFILE_DIR_PATH}/Podfile.lock",
				"${PODS_ROOT}/Manifest.lock",
			);
			name = "[CP] Check Pods Manifest.lock";
			outputFileListPaths = (
			);
			outputPaths = (
				"$(DERIVED_FILE_DIR)/Pods-CoYatteTotte-checkManifestLockResult.txt",
			);
			runOnlyForDeploymentPostprocessing = 0;
			shellPath = /bin/sh;
			shellScript = "diff \"${PODS_PODFILE_DIR_PATH}/Podfile.lock\" \"${PODS_ROOT}/Manifest.lock\" > /dev/null\nif [ $? != 0 ] ; then\n    # print error to STDERR\n    echo \"error: The sandbox is not in sync with the Podfile.lock. Run 'pod install' or update your CocoaPods installation.\" >&2\n    exit 1\nfi\n# This output is used by Xcode 'outputs' to avoid re-running this script phase.\necho \"SUCCESS\" > \"${SCRIPT_OUTPUT_FILE_0}\"\n";
			showEnvVarsInLog = 0;
		};
/* End PBXShellScriptBuildPhase section */

/* Begin PBXSourcesBuildPhase section */
		1FCCBAF423F4679C0051E3EF /* Sources */ = {
			isa = PBXSourcesBuildPhase;
			buildActionMask = 2147483647;
			files = (
				1FCCBB0023F4679C0051E3EF /* ViewController.swift in Sources */,
				1FCCBAFC23F4679C0051E3EF /* AppDelegate.swift in Sources */,
				1FCCBAFE23F4679C0051E3EF /* SceneDelegate.swift in Sources */,
				1F63BD2924C5EF3500CC85BE /* UIColor+Extensions.swift in Sources */,
			);
			runOnlyForDeploymentPostprocessing = 0;
		};
/* End PBXSourcesBuildPhase section */

/* Begin PBXVariantGroup section */
		1FCCBB0123F4679C0051E3EF /* Main.storyboard */ = {
			isa = PBXVariantGroup;
			children = (
				1FCCBB0223F4679C0051E3EF /* Base */,
			);
			name = Main.storyboard;
			sourceTree = "<group>";
		};
		1FCCBB0623F4679D0051E3EF /* LaunchScreen.storyboard */ = {
			isa = PBXVariantGroup;
			children = (
				1FCCBB0723F4679D0051E3EF /* Base */,
			);
			name = LaunchScreen.storyboard;
			sourceTree = "<group>";
		};
/* End PBXVariantGroup section */

/* Begin XCBuildConfiguration section */
		1FCCBB0A23F4679D0051E3EF /* Debug */ = {
			isa = XCBuildConfiguration;
			buildSettings = {
				ALWAYS_SEARCH_USER_PATHS = NO;
				CLANG_ANALYZER_NONNULL = YES;
				CLANG_ANALYZER_NUMBER_OBJECT_CONVERSION = YES_AGGRESSIVE;
				CLANG_CXX_LANGUAGE_STANDARD = "gnu++14";
				CLANG_CXX_LIBRARY = "libc++";
				CLANG_ENABLE_MODULES = YES;
				CLANG_ENABLE_OBJC_ARC = YES;
				CLANG_ENABLE_OBJC_WEAK = YES;
				CLANG_WARN_BLOCK_CAPTURE_AUTORELEASING = YES;
				CLANG_WARN_BOOL_CONVERSION = YES;
				CLANG_WARN_COMMA = YES;
				CLANG_WARN_CONSTANT_CONVERSION = YES;
				CLANG_WARN_DEPRECATED_OBJC_IMPLEMENTATIONS = YES;
				CLANG_WARN_DIRECT_OBJC_ISA_USAGE = YES_ERROR;
				CLANG_WARN_DOCUMENTATION_COMMENTS = YES;
				CLANG_WARN_EMPTY_BODY = YES;
				CLANG_WARN_ENUM_CONVERSION = YES;
				CLANG_WARN_INFINITE_RECURSION = YES;
				CLANG_WARN_INT_CONVERSION = YES;
				CLANG_WARN_NON_LITERAL_NULL_CONVERSION = YES;
				CLANG_WARN_OBJC_IMPLICIT_RETAIN_SELF = YES;
				CLANG_WARN_OBJC_LITERAL_CONVERSION = YES;
				CLANG_WARN_OBJC_ROOT_CLASS = YES_ERROR;
				CLANG_WARN_RANGE_LOOP_ANALYSIS = YES;
				CLANG_WARN_STRICT_PROTOTYPES = YES;
				CLANG_WARN_SUSPICIOUS_MOVE = YES;
				CLANG_WARN_UNGUARDED_AVAILABILITY = YES_AGGRESSIVE;
				CLANG_WARN_UNREACHABLE_CODE = YES;
				CLANG_WARN__DUPLICATE_METHOD_MATCH = YES;
				COPY_PHASE_STRIP = NO;
				DEBUG_INFORMATION_FORMAT = dwarf;
				ENABLE_STRICT_OBJC_MSGSEND = YES;
				ENABLE_TESTABILITY = YES;
				GCC_C_LANGUAGE_STANDARD = gnu11;
				GCC_DYNAMIC_NO_PIC = NO;
				GCC_NO_COMMON_BLOCKS = YES;
				GCC_OPTIMIZATION_LEVEL = 0;
				GCC_PREPROCESSOR_DEFINITIONS = (
					"DEBUG=1",
					"$(inherited)",
				);
				GCC_WARN_64_TO_32_BIT_CONVERSION = YES;
				GCC_WARN_ABOUT_RETURN_TYPE = YES_ERROR;
				GCC_WARN_UNDECLARED_SELECTOR = YES;
				GCC_WARN_UNINITIALIZED_AUTOS = YES_AGGRESSIVE;
				GCC_WARN_UNUSED_FUNCTION = YES;
				GCC_WARN_UNUSED_VARIABLE = YES;
				IPHONEOS_DEPLOYMENT_TARGET = 13.2;
				MTL_ENABLE_DEBUG_INFO = INCLUDE_SOURCE;
				MTL_FAST_MATH = YES;
				ONLY_ACTIVE_ARCH = YES;
				SDKROOT = iphoneos;
				SWIFT_ACTIVE_COMPILATION_CONDITIONS = DEBUG;
				SWIFT_OPTIMIZATION_LEVEL = "-Onone";
			};
			name = Debug;
		};
		1FCCBB0B23F4679D0051E3EF /* Release */ = {
			isa = XCBuildConfiguration;
			buildSettings = {
				ALWAYS_SEARCH_USER_PATHS = NO;
				CLANG_ANALYZER_NONNULL = YES;
				CLANG_ANALYZER_NUMBER_OBJECT_CONVERSION = YES_AGGRESSIVE;
				CLANG_CXX_LANGUAGE_STANDARD = "gnu++14";
				CLANG_CXX_LIBRARY = "libc++";
				CLANG_ENABLE_MODULES = YES;
				CLANG_ENABLE_OBJC_ARC = YES;
				CLANG_ENABLE_OBJC_WEAK = YES;
				CLANG_WARN_BLOCK_CAPTURE_AUTORELEASING = YES;
				CLANG_WARN_BOOL_CONVERSION = YES;
				CLANG_WARN_COMMA = YES;
				CLANG_WARN_CONSTANT_CONVERSION = YES;
				CLANG_WARN_DEPRECATED_OBJC_IMPLEMENTATIONS = YES;
				CLANG_WARN_DIRECT_OBJC_ISA_USAGE = YES_ERROR;
				CLANG_WARN_DOCUMENTATION_COMMENTS = YES;
				CLANG_WARN_EMPTY_BODY = YES;
				CLANG_WARN_ENUM_CONVERSION = YES;
				CLANG_WARN_INFINITE_RECURSION = YES;
				CLANG_WARN_INT_CONVERSION = YES;
				CLANG_WARN_NON_LITERAL_NULL_CONVERSION = YES;
				CLANG_WARN_OBJC_IMPLICIT_RETAIN_SELF = YES;
				CLANG_WARN_OBJC_LITERAL_CONVERSION = YES;
				CLANG_WARN_OBJC_ROOT_CLASS = YES_ERROR;
				CLANG_WARN_RANGE_LOOP_ANALYSIS = YES;
				CLANG_WARN_STRICT_PROTOTYPES = YES;
				CLANG_WARN_SUSPICIOUS_MOVE = YES;
				CLANG_WARN_UNGUARDED_AVAILABILITY = YES_AGGRESSIVE;
				CLANG_WARN_UNREACHABLE_CODE = YES;
				CLANG_WARN__DUPLICATE_METHOD_MATCH = YES;
				COPY_PHASE_STRIP = NO;
				DEBUG_INFORMATION_FORMAT = "dwarf-with-dsym";
				ENABLE_NS_ASSERTIONS = NO;
				ENABLE_STRICT_OBJC_MSGSEND = YES;
				GCC_C_LANGUAGE_STANDARD = gnu11;
				GCC_NO_COMMON_BLOCKS = YES;
				GCC_WARN_64_TO_32_BIT_CONVERSION = YES;
				GCC_WARN_ABOUT_RETURN_TYPE = YES_ERROR;
				GCC_WARN_UNDECLARED_SELECTOR = YES;
				GCC_WARN_UNINITIALIZED_AUTOS = YES_AGGRESSIVE;
				GCC_WARN_UNUSED_FUNCTION = YES;
				GCC_WARN_UNUSED_VARIABLE = YES;
				IPHONEOS_DEPLOYMENT_TARGET = 13.2;
				MTL_ENABLE_DEBUG_INFO = NO;
				MTL_FAST_MATH = YES;
				SDKROOT = iphoneos;
				SWIFT_COMPILATION_MODE = wholemodule;
				SWIFT_OPTIMIZATION_LEVEL = "-O";
				VALIDATE_PRODUCT = YES;
			};
			name = Release;
		};
		1FCCBB0D23F4679D0051E3EF /* Debug */ = {
			isa = XCBuildConfiguration;
			baseConfigurationReference = 30320107A405EE8F1B32C79A /* Pods-CoYatteTotte.debug.xcconfig */;
			buildSettings = {
				ASSETCATALOG_COMPILER_APPICON_NAME = AppIcon;
				CODE_SIGN_STYLE = Automatic;
				CURRENT_PROJECT_VERSION = 1.8;
				DEVELOPMENT_TEAM = 7LC8G3FRCP;
				INFOPLIST_FILE = CoYatteTotte/Info.plist;
				IPHONEOS_DEPLOYMENT_TARGET = 13.0;
				LD_RUNPATH_SEARCH_PATHS = (
					"$(inherited)",
					"@executable_path/Frameworks",
				);
				MARKETING_VERSION = 1.5;
				PRODUCT_BUNDLE_IDENTIFIER = com.Ittoko.CoYatteTotte;
				PRODUCT_NAME = "$(TARGET_NAME)";
				SWIFT_VERSION = 5.0;
				TARGETED_DEVICE_FAMILY = 1;
			};
			name = Debug;
		};
		1FCCBB0E23F4679D0051E3EF /* Release */ = {
			isa = XCBuildConfiguration;
			baseConfigurationReference = 6236BE78197CADAABE6D297E /* Pods-CoYatteTotte.release.xcconfig */;
			buildSettings = {
				ASSETCATALOG_COMPILER_APPICON_NAME = AppIcon;
				CODE_SIGN_STYLE = Automatic;
				CURRENT_PROJECT_VERSION = 1.8;
				DEVELOPMENT_TEAM = 7LC8G3FRCP;
				INFOPLIST_FILE = CoYatteTotte/Info.plist;
				IPHONEOS_DEPLOYMENT_TARGET = 13.0;
				LD_RUNPATH_SEARCH_PATHS = (
					"$(inherited)",
					"@executable_path/Frameworks",
				);
				MARKETING_VERSION = 1.5;
				PRODUCT_BUNDLE_IDENTIFIER = com.Ittoko.CoYatteTotte;
				PRODUCT_NAME = "$(TARGET_NAME)";
				SWIFT_VERSION = 5.0;
				TARGETED_DEVICE_FAMILY = 1;
			};
			name = Release;
		};
/* End XCBuildConfiguration section */

/* Begin XCConfigurationList section */
		1FCCBAF323F4679C0051E3EF /* Build configuration list for PBXProject "CoYatteTotte" */ = {
			isa = XCConfigurationList;
			buildConfigurations = (
				1FCCBB0A23F4679D0051E3EF /* Debug */,
				1FCCBB0B23F4679D0051E3EF /* Release */,
			);
			defaultConfigurationIsVisible = 0;
			defaultConfigurationName = Release;
		};
		1FCCBB0C23F4679D0051E3EF /* Build configuration list for PBXNativeTarget "CoYatteTotte" */ = {
			isa = XCConfigurationList;
			buildConfigurations = (
				1FCCBB0D23F4679D0051E3EF /* Debug */,
				1FCCBB0E23F4679D0051E3EF /* Release */,
			);
			defaultConfigurationIsVisible = 0;
			defaultConfigurationName = Release;
		};
/* End XCConfigurationList section */
	};
	rootObject = 1FCCBAF023F4679C0051E3EF /* Project object */;
}
